// !$*UTF8*$!
{
	archiveVersion = 1;
	classes = {
	};
	objectVersion = 56;
	objects = {

/* Begin PBXBuildFile section */
		7D1AA2CE2C71581A009DA250 /* MainApp.swift in Sources */ = {isa = PBXBuildFile; fileRef = 7D1AA2CD2C71581A009DA250 /* MainApp.swift */; };
		7D1AA2D02C71581A009DA250 /* CriptoListView.swift in Sources */ = {isa = PBXBuildFile; fileRef = 7D1AA2CF2C71581A009DA250 /* CriptoListView.swift */; };
		7D1AA2D22C71581F009DA250 /* Assets.xcassets in Resources */ = {isa = PBXBuildFile; fileRef = 7D1AA2D12C71581F009DA250 /* Assets.xcassets */; };
		7D1AA2D52C71581F009DA250 /* Preview Assets.xcassets in Resources */ = {isa = PBXBuildFile; fileRef = 7D1AA2D42C71581F009DA250 /* Preview Assets.xcassets */; };
		7D7936BE2C74A8B300CFB241 /* CoinRowViewModel.swift in Sources */ = {isa = PBXBuildFile; fileRef = 7D7936BD2C74A8B300CFB241 /* CoinRowViewModel.swift */; };
		7D7936C12C74A95500CFB241 /* CoinRowView.swift in Sources */ = {isa = PBXBuildFile; fileRef = 7D7936C02C74A95500CFB241 /* CoinRowView.swift */; };
		7D8CBB842C73368A002B5732 /* RealmSwift in Frameworks */ = {isa = PBXBuildFile; productRef = 7D8CBB832C73368A002B5732 /* RealmSwift */; };
		7D8CBB862C733BA7002B5732 /* RealmSwift in Frameworks */ = {isa = PBXBuildFile; productRef = 7D8CBB852C733BA7002B5732 /* RealmSwift */; };
		7D8CBB882C733C18002B5732 /* RealmSwift in Frameworks */ = {isa = PBXBuildFile; productRef = 7D8CBB872C733C18002B5732 /* RealmSwift */; };
		7D8FF2F52C71C30900DD621F /* RealmSwift in Frameworks */ = {isa = PBXBuildFile; productRef = 7D8FF2F42C71C30900DD621F /* RealmSwift */; };
		7D8FF2F82C71C72700DD621F /* CryptoAPI.xcframework in Frameworks */ = {isa = PBXBuildFile; fileRef = 7D8FF2F72C71C72600DD621F /* CryptoAPI.xcframework */; };
		7D8FF2FB2C71D1C300DD621F /* CryptoAPIService.swift in Sources */ = {isa = PBXBuildFile; fileRef = 7D8FF2FA2C71D1C300DD621F /* CryptoAPIService.swift */; };
		7D8FF2FE2C71D22000DD621F /* RealmCoinRepository.swift in Sources */ = {isa = PBXBuildFile; fileRef = 7D8FF2FD2C71D22000DD621F /* RealmCoinRepository.swift */; };
		7D8FF3012C71D33F00DD621F /* CoinUseCase.swift in Sources */ = {isa = PBXBuildFile; fileRef = 7D8FF3002C71D33F00DD621F /* CoinUseCase.swift */; };
		7D8FF3052C71D39400DD621F /* CoinViewModel.swift in Sources */ = {isa = PBXBuildFile; fileRef = 7D8FF3042C71D39400DD621F /* CoinViewModel.swift */; };
		7D8FF3082C71D5A800DD621F /* Coin.swift in Sources */ = {isa = PBXBuildFile; fileRef = 7D8FF3072C71D5A800DD621F /* Coin.swift */; };
/* End PBXBuildFile section */

/* Begin PBXFileReference section */
		7D1AA2CA2C71581A009DA250 /* Crypto.app */ = {isa = PBXFileReference; explicitFileType = wrapper.application; includeInIndex = 0; path = Crypto.app; sourceTree = BUILT_PRODUCTS_DIR; };
		7D1AA2CD2C71581A009DA250 /* MainApp.swift */ = {isa = PBXFileReference; lastKnownFileType = sourcecode.swift; path = MainApp.swift; sourceTree = "<group>"; };
		7D1AA2CF2C71581A009DA250 /* CriptoListView.swift */ = {isa = PBXFileReference; lastKnownFileType = sourcecode.swift; path = CriptoListView.swift; sourceTree = "<group>"; };
		7D1AA2D12C71581F009DA250 /* Assets.xcassets */ = {isa = PBXFileReference; lastKnownFileType = folder.assetcatalog; path = Assets.xcassets; sourceTree = "<group>"; };
		7D1AA2D42C71581F009DA250 /* Preview Assets.xcassets */ = {isa = PBXFileReference; lastKnownFileType = folder.assetcatalog; path = "Preview Assets.xcassets"; sourceTree = "<group>"; };
		7D7936BD2C74A8B300CFB241 /* CoinRowViewModel.swift */ = {isa = PBXFileReference; lastKnownFileType = sourcecode.swift; path = CoinRowViewModel.swift; sourceTree = "<group>"; };
		7D7936C02C74A95500CFB241 /* CoinRowView.swift */ = {isa = PBXFileReference; lastKnownFileType = sourcecode.swift; path = CoinRowView.swift; sourceTree = "<group>"; };
		7D8FF2F72C71C72600DD621F /* CryptoAPI.xcframework */ = {isa = PBXFileReference; lastKnownFileType = wrapper.xcframework; path = CryptoAPI.xcframework; sourceTree = "<group>"; };
		7D8FF2FA2C71D1C300DD621F /* CryptoAPIService.swift */ = {isa = PBXFileReference; lastKnownFileType = sourcecode.swift; path = CryptoAPIService.swift; sourceTree = "<group>"; };
		7D8FF2FD2C71D22000DD621F /* RealmCoinRepository.swift */ = {isa = PBXFileReference; lastKnownFileType = sourcecode.swift; path = RealmCoinRepository.swift; sourceTree = "<group>"; };
		7D8FF3002C71D33F00DD621F /* CoinUseCase.swift */ = {isa = PBXFileReference; lastKnownFileType = sourcecode.swift; path = CoinUseCase.swift; sourceTree = "<group>"; };
		7D8FF3042C71D39400DD621F /* CoinViewModel.swift */ = {isa = PBXFileReference; lastKnownFileType = sourcecode.swift; path = CoinViewModel.swift; sourceTree = "<group>"; };
		7D8FF3072C71D5A800DD621F /* Coin.swift */ = {isa = PBXFileReference; lastKnownFileType = sourcecode.swift; path = Coin.swift; sourceTree = "<group>"; };
/* End PBXFileReference section */

/* Begin PBXFrameworksBuildPhase section */
		7D1AA2C72C71581A009DA250 /* Frameworks */ = {
			isa = PBXFrameworksBuildPhase;
			buildActionMask = 2147483647;
			files = (
				7D8CBB862C733BA7002B5732 /* RealmSwift in Frameworks */,
				7D8CBB842C73368A002B5732 /* RealmSwift in Frameworks */,
				7D8FF2F52C71C30900DD621F /* RealmSwift in Frameworks */,
				7D8CBB882C733C18002B5732 /* RealmSwift in Frameworks */,
				7D8FF2F82C71C72700DD621F /* CryptoAPI.xcframework in Frameworks */,
			);
			runOnlyForDeploymentPostprocessing = 0;
		};
/* End PBXFrameworksBuildPhase section */

/* Begin PBXGroup section */
		7D1AA2C12C71581A009DA250 = {
			isa = PBXGroup;
			children = (
				7D1AA2CC2C71581A009DA250 /* Crypto */,
				7D8FF2F62C71C71100DD621F /* Frameworks */,
				7D1AA2CB2C71581A009DA250 /* Products */,
			);
			sourceTree = "<group>";
		};
		7D1AA2CB2C71581A009DA250 /* Products */ = {
			isa = PBXGroup;
			children = (
				7D1AA2CA2C71581A009DA250 /* Crypto.app */,
			);
			name = Products;
			sourceTree = "<group>";
		};
		7D1AA2CC2C71581A009DA250 /* Crypto */ = {
			isa = PBXGroup;
			children = (
				7D1AA2CD2C71581A009DA250 /* MainApp.swift */,
				7D8FF3062C71D59600DD621F /* Model */,
				7D8FF2FC2C71D20500DD621F /* Repository */,
				7D8FF2F92C71D1A700DD621F /* Service */,
				7D8FF2FF2C71D26E00DD621F /* UseCases */,
				7D8FF3022C71D37000DD621F /* ViewModel */,
				7D7936BF2C74A93200CFB241 /* UI */,
				7D1AA2D12C71581F009DA250 /* Assets.xcassets */,
				7D1AA2D32C71581F009DA250 /* Preview Content */,
			);
			path = Crypto;
			sourceTree = "<group>";
		};
		7D1AA2D32C71581F009DA250 /* Preview Content */ = {
			isa = PBXGroup;
			children = (
				7D1AA2D42C71581F009DA250 /* Preview Assets.xcassets */,
			);
			path = "Preview Content";
			sourceTree = "<group>";
		};
		7D7936BF2C74A93200CFB241 /* UI */ = {
			isa = PBXGroup;
			children = (
				7D1AA2CF2C71581A009DA250 /* CriptoListView.swift */,
				7D7936C02C74A95500CFB241 /* CoinRowView.swift */,
			);
			name = UI;
			sourceTree = "<group>";
		};
		7D8FF2F62C71C71100DD621F /* Frameworks */ = {
			isa = PBXGroup;
			children = (
				7D8FF2F72C71C72600DD621F /* CryptoAPI.xcframework */,
			);
			path = Frameworks;
			sourceTree = "<group>";
		};
		7D8FF2F92C71D1A700DD621F /* Service */ = {
			isa = PBXGroup;
			children = (
				7D8FF2FA2C71D1C300DD621F /* CryptoAPIService.swift */,
			);
			path = Service;
			sourceTree = "<group>";
		};
		7D8FF2FC2C71D20500DD621F /* Repository */ = {
			isa = PBXGroup;
			children = (
				7D8FF2FD2C71D22000DD621F /* RealmCoinRepository.swift */,
			);
			path = Repository;
			sourceTree = "<group>";
		};
		7D8FF2FF2C71D26E00DD621F /* UseCases */ = {
			isa = PBXGroup;
			children = (
				7D8FF3002C71D33F00DD621F /* CoinUseCase.swift */,
			);
			path = UseCases;
			sourceTree = "<group>";
		};
		7D8FF3022C71D37000DD621F /* ViewModel */ = {
			isa = PBXGroup;
			children = (
				7D8FF3042C71D39400DD621F /* CoinViewModel.swift */,
				7D7936BD2C74A8B300CFB241 /* CoinRowViewModel.swift */,
			);
			path = ViewModel;
			sourceTree = "<group>";
		};
		7D8FF3062C71D59600DD621F /* Model */ = {
			isa = PBXGroup;
			children = (
				7D8FF3072C71D5A800DD621F /* Coin.swift */,
			);
			path = Model;
			sourceTree = "<group>";
		};
/* End PBXGroup section */

/* Begin PBXNativeTarget section */
		7D1AA2C92C71581A009DA250 /* Crypto */ = {
			isa = PBXNativeTarget;
			buildConfigurationList = 7D1AA2D82C71581F009DA250 /* Build configuration list for PBXNativeTarget "Crypto" */;
			buildPhases = (
				7D1AA2C62C71581A009DA250 /* Sources */,
				7D1AA2C72C71581A009DA250 /* Frameworks */,
				7D1AA2C82C71581A009DA250 /* Resources */,
			);
			buildRules = (
			);
			dependencies = (
			);
			name = Crypto;
			packageProductDependencies = (
				7D8FF2F42C71C30900DD621F /* RealmSwift */,
				7D8CBB832C73368A002B5732 /* RealmSwift */,
				7D8CBB852C733BA7002B5732 /* RealmSwift */,
				7D8CBB872C733C18002B5732 /* RealmSwift */,
			);
			productName = Crypto;
			productReference = 7D1AA2CA2C71581A009DA250 /* Crypto.app */;
			productType = "com.apple.product-type.application";
		};
/* End PBXNativeTarget section */

/* Begin PBXProject section */
		7D1AA2C22C71581A009DA250 /* Project object */ = {
			isa = PBXProject;
			attributes = {
				BuildIndependentTargetsInParallel = 1;
				LastSwiftUpdateCheck = 1520;
				LastUpgradeCheck = 1520;
				TargetAttributes = {
					7D1AA2C92C71581A009DA250 = {
						CreatedOnToolsVersion = 15.2;
					};
				};
			};
			buildConfigurationList = 7D1AA2C52C71581A009DA250 /* Build configuration list for PBXProject "Crypto" */;
			compatibilityVersion = "Xcode 14.0";
			developmentRegion = en;
			hasScannedForEncodings = 0;
			knownRegions = (
				en,
				Base,
			);
			mainGroup = 7D1AA2C12C71581A009DA250;
			packageReferences = (
				7D8FF2F32C71C30900DD621F /* XCRemoteSwiftPackageReference "realm-swift" */,
			);
			productRefGroup = 7D1AA2CB2C71581A009DA250 /* Products */;
			projectDirPath = "";
			projectRoot = "";
			targets = (
				7D1AA2C92C71581A009DA250 /* Crypto */,
			);
		};
/* End PBXProject section */

/* Begin PBXResourcesBuildPhase section */
		7D1AA2C82C71581A009DA250 /* Resources */ = {
			isa = PBXResourcesBuildPhase;
			buildActionMask = 2147483647;
			files = (
				7D1AA2D52C71581F009DA250 /* Preview Assets.xcassets in Resources */,
				7D1AA2D22C71581F009DA250 /* Assets.xcassets in Resources */,
			);
			runOnlyForDeploymentPostprocessing = 0;
		};
/* End PBXResourcesBuildPhase section */

/* Begin PBXSourcesBuildPhase section */
		7D1AA2C62C71581A009DA250 /* Sources */ = {
			isa = PBXSourcesBuildPhase;
			buildActionMask = 2147483647;
			files = (
				7D7936C12C74A95500CFB241 /* CoinRowView.swift in Sources */,
				7D8FF2FE2C71D22000DD621F /* RealmCoinRepository.swift in Sources */,
				7D1AA2D02C71581A009DA250 /* CriptoListView.swift in Sources */,
				7D8FF2FB2C71D1C300DD621F /* CryptoAPIService.swift in Sources */,
				7D1AA2CE2C71581A009DA250 /* MainApp.swift in Sources */,
				7D8FF3012C71D33F00DD621F /* CoinUseCase.swift in Sources */,
				7D8FF3052C71D39400DD621F /* CoinViewModel.swift in Sources */,
				7D7936BE2C74A8B300CFB241 /* CoinRowViewModel.swift in Sources */,
				7D8FF3082C71D5A800DD621F /* Coin.swift in Sources */,
			);
			runOnlyForDeploymentPostprocessing = 0;
		};
/* End PBXSourcesBuildPhase section */

/* Begin XCBuildConfiguration section */
		7D1AA2D62C71581F009DA250 /* Debug */ = {
			isa = XCBuildConfiguration;
			buildSettings = {
				ALWAYS_SEARCH_USER_PATHS = NO;
				ASSETCATALOG_COMPILER_GENERATE_SWIFT_ASSET_SYMBOL_EXTENSIONS = YES;
				CLANG_ANALYZER_NONNULL = YES;
				CLANG_ANALYZER_NUMBER_OBJECT_CONVERSION = YES_AGGRESSIVE;
				CLANG_CXX_LANGUAGE_STANDARD = "gnu++20";
				CLANG_ENABLE_MODULES = YES;
				CLANG_ENABLE_OBJC_ARC = YES;
				CLANG_ENABLE_OBJC_WEAK = YES;
				CLANG_WARN_BLOCK_CAPTURE_AUTORELEASING = YES;
				CLANG_WARN_BOOL_CONVERSION = YES;
				CLANG_WARN_COMMA = YES;
				CLANG_WARN_CONSTANT_CONVERSION = YES;
				CLANG_WARN_DEPRECATED_OBJC_IMPLEMENTATIONS = YES;
				CLANG_WARN_DIRECT_OBJC_ISA_USAGE = YES_ERROR;
				CLANG_WARN_DOCUMENTATION_COMMENTS = YES;
				CLANG_WARN_EMPTY_BODY = YES;
				CLANG_WARN_ENUM_CONVERSION = YES;
				CLANG_WARN_INFINITE_RECURSION = YES;
				CLANG_WARN_INT_CONVERSION = YES;
				CLANG_WARN_NON_LITERAL_NULL_CONVERSION = YES;
				CLANG_WARN_OBJC_IMPLICIT_RETAIN_SELF = YES;
				CLANG_WARN_OBJC_LITERAL_CONVERSION = YES;
				CLANG_WARN_OBJC_ROOT_CLASS = YES_ERROR;
				CLANG_WARN_QUOTED_INCLUDE_IN_FRAMEWORK_HEADER = YES;
				CLANG_WARN_RANGE_LOOP_ANALYSIS = YES;
				CLANG_WARN_STRICT_PROTOTYPES = YES;
				CLANG_WARN_SUSPICIOUS_MOVE = YES;
				CLANG_WARN_UNGUARDED_AVAILABILITY = YES_AGGRESSIVE;
				CLANG_WARN_UNREACHABLE_CODE = YES;
				CLANG_WARN__DUPLICATE_METHOD_MATCH = YES;
				COPY_PHASE_STRIP = NO;
				DEBUG_INFORMATION_FORMAT = dwarf;
				ENABLE_STRICT_OBJC_MSGSEND = YES;
				ENABLE_TESTABILITY = YES;
				ENABLE_USER_SCRIPT_SANDBOXING = YES;
				GCC_C_LANGUAGE_STANDARD = gnu17;
				GCC_DYNAMIC_NO_PIC = NO;
				GCC_NO_COMMON_BLOCKS = YES;
				GCC_OPTIMIZATION_LEVEL = 0;
				GCC_PREPROCESSOR_DEFINITIONS = (
					"DEBUG=1",
					"$(inherited)",
				);
				GCC_WARN_64_TO_32_BIT_CONVERSION = YES;
				GCC_WARN_ABOUT_RETURN_TYPE = YES_ERROR;
				GCC_WARN_UNDECLARED_SELECTOR = YES;
				GCC_WARN_UNINITIALIZED_AUTOS = YES_AGGRESSIVE;
				GCC_WARN_UNUSED_FUNCTION = YES;
				GCC_WARN_UNUSED_VARIABLE = YES;
				IPHONEOS_DEPLOYMENT_TARGET = 17.2;
				LOCALIZATION_PREFERS_STRING_CATALOGS = YES;
				MTL_ENABLE_DEBUG_INFO = INCLUDE_SOURCE;
				MTL_FAST_MATH = YES;
				ONLY_ACTIVE_ARCH = YES;
				SDKROOT = iphoneos;
				SWIFT_ACTIVE_COMPILATION_CONDITIONS = "DEBUG $(inherited)";
				SWIFT_OPTIMIZATION_LEVEL = "-Onone";
			};
			name = Debug;
		};
		7D1AA2D72C71581F009DA250 /* Release */ = {
			isa = XCBuildConfiguration;
			buildSettings = {
				ALWAYS_SEARCH_USER_PATHS = NO;
				ASSETCATALOG_COMPILER_GENERATE_SWIFT_ASSET_SYMBOL_EXTENSIONS = YES;
				CLANG_ANALYZER_NONNULL = YES;
				CLANG_ANALYZER_NUMBER_OBJECT_CONVERSION = YES_AGGRESSIVE;
				CLANG_CXX_LANGUAGE_STANDARD = "gnu++20";
				CLANG_ENABLE_MODULES = YES;
				CLANG_ENABLE_OBJC_ARC = YES;
				CLANG_ENABLE_OBJC_WEAK = YES;
				CLANG_WARN_BLOCK_CAPTURE_AUTORELEASING = YES;
				CLANG_WARN_BOOL_CONVERSION = YES;
				CLANG_WARN_COMMA = YES;
				CLANG_WARN_CONSTANT_CONVERSION = YES;
				CLANG_WARN_DEPRECATED_OBJC_IMPLEMENTATIONS = YES;
				CLANG_WARN_DIRECT_OBJC_ISA_USAGE = YES_ERROR;
				CLANG_WARN_DOCUMENTATION_COMMENTS = YES;
				CLANG_WARN_EMPTY_BODY = YES;
				CLANG_WARN_ENUM_CONVERSION = YES;
				CLANG_WARN_INFINITE_RECURSION = YES;
				CLANG_WARN_INT_CONVERSION = YES;
				CLANG_WARN_NON_LITERAL_NULL_CONVERSION = YES;
				CLANG_WARN_OBJC_IMPLICIT_RETAIN_SELF = YES;
				CLANG_WARN_OBJC_LITERAL_CONVERSION = YES;
				CLANG_WARN_OBJC_ROOT_CLASS = YES_ERROR;
				CLANG_WARN_QUOTED_INCLUDE_IN_FRAMEWORK_HEADER = YES;
				CLANG_WARN_RANGE_LOOP_ANALYSIS = YES;
				CLANG_WARN_STRICT_PROTOTYPES = YES;
				CLANG_WARN_SUSPICIOUS_MOVE = YES;
				CLANG_WARN_UNGUARDED_AVAILABILITY = YES_AGGRESSIVE;
				CLANG_WARN_UNREACHABLE_CODE = YES;
				CLANG_WARN__DUPLICATE_METHOD_MATCH = YES;
				COPY_PHASE_STRIP = NO;
				DEBUG_INFORMATION_FORMAT = "dwarf-with-dsym";
				ENABLE_NS_ASSERTIONS = NO;
				ENABLE_STRICT_OBJC_MSGSEND = YES;
				ENABLE_USER_SCRIPT_SANDBOXING = YES;
				GCC_C_LANGUAGE_STANDARD = gnu17;
				GCC_NO_COMMON_BLOCKS = YES;
				GCC_WARN_64_TO_32_BIT_CONVERSION = YES;
				GCC_WARN_ABOUT_RETURN_TYPE = YES_ERROR;
				GCC_WARN_UNDECLARED_SELECTOR = YES;
				GCC_WARN_UNINITIALIZED_AUTOS = YES_AGGRESSIVE;
				GCC_WARN_UNUSED_FUNCTION = YES;
				GCC_WARN_UNUSED_VARIABLE = YES;
				IPHONEOS_DEPLOYMENT_TARGET = 17.2;
				LOCALIZATION_PREFERS_STRING_CATALOGS = YES;
				MTL_ENABLE_DEBUG_INFO = NO;
				MTL_FAST_MATH = YES;
				SDKROOT = iphoneos;
				SWIFT_COMPILATION_MODE = wholemodule;
				VALIDATE_PRODUCT = YES;
			};
			name = Release;
		};
		7D1AA2D92C71581F009DA250 /* Debug */ = {
			isa = XCBuildConfiguration;
			buildSettings = {
				ASSETCATALOG_COMPILER_APPICON_NAME = AppIcon;
				ASSETCATALOG_COMPILER_GLOBAL_ACCENT_COLOR_NAME = AccentColor;
				CODE_SIGN_STYLE = Automatic;
				CURRENT_PROJECT_VERSION = 1;
				DEVELOPMENT_ASSET_PATHS = "\"Crypto/Preview Content\"";
				DEVELOPMENT_TEAM = YTY3T23FT4;
				ENABLE_PREVIEWS = YES;
				GENERATE_INFOPLIST_FILE = YES;
				INFOPLIST_KEY_UIApplicationSceneManifest_Generation = YES;
				INFOPLIST_KEY_UIApplicationSupportsIndirectInputEvents = YES;
				INFOPLIST_KEY_UILaunchScreen_Generation = YES;
				INFOPLIST_KEY_UISupportedInterfaceOrientations_iPad = "UIInterfaceOrientationPortrait UIInterfaceOrientationPortraitUpsideDown UIInterfaceOrientationLandscapeLeft UIInterfaceOrientationLandscapeRight";
				INFOPLIST_KEY_UISupportedInterfaceOrientations_iPhone = "UIInterfaceOrientationPortrait UIInterfaceOrientationLandscapeLeft UIInterfaceOrientationLandscapeRight";
				LD_RUNPATH_SEARCH_PATHS = (
					"$(inherited)",
					"@executable_path/Frameworks",
				);
				MARKETING_VERSION = 1.0;
				PRODUCT_BUNDLE_IDENTIFIER = mateses.Crypto;
				PRODUCT_NAME = "$(TARGET_NAME)";
				SWIFT_EMIT_LOC_STRINGS = YES;
				SWIFT_VERSION = 5.0;
				TARGETED_DEVICE_FAMILY = "1,2";
			};
			name = Debug;
		};
		7D1AA2DA2C71581F009DA250 /* Release */ = {
			isa = XCBuildConfiguration;
			buildSettings = {
				ASSETCATALOG_COMPILER_APPICON_NAME = AppIcon;
				ASSETCATALOG_COMPILER_GLOBAL_ACCENT_COLOR_NAME = AccentColor;
				CODE_SIGN_STYLE = Automatic;
				CURRENT_PROJECT_VERSION = 1;
				DEVELOPMENT_ASSET_PATHS = "\"Crypto/Preview Content\"";
				DEVELOPMENT_TEAM = YTY3T23FT4;
				ENABLE_PREVIEWS = YES;
				GENERATE_INFOPLIST_FILE = YES;
				INFOPLIST_KEY_UIApplicationSceneManifest_Generation = YES;
				INFOPLIST_KEY_UIApplicationSupportsIndirectInputEvents = YES;
				INFOPLIST_KEY_UILaunchScreen_Generation = YES;
				INFOPLIST_KEY_UISupportedInterfaceOrientations_iPad = "UIInterfaceOrientationPortrait UIInterfaceOrientationPortraitUpsideDown UIInterfaceOrientationLandscapeLeft UIInterfaceOrientationLandscapeRight";
				INFOPLIST_KEY_UISupportedInterfaceOrientations_iPhone = "UIInterfaceOrientationPortrait UIInterfaceOrientationLandscapeLeft UIInterfaceOrientationLandscapeRight";
				LD_RUNPATH_SEARCH_PATHS = (
					"$(inherited)",
					"@executable_path/Frameworks",
				);
				MARKETING_VERSION = 1.0;
				PRODUCT_BUNDLE_IDENTIFIER = mateses.Crypto;
				PRODUCT_NAME = "$(TARGET_NAME)";
				SWIFT_EMIT_LOC_STRINGS = YES;
				SWIFT_VERSION = 5.0;
				TARGETED_DEVICE_FAMILY = "1,2";
			};
			name = Release;
		};
/* End XCBuildConfiguration section */

/* Begin XCConfigurationList section */
		7D1AA2C52C71581A009DA250 /* Build configuration list for PBXProject "Crypto" */ = {
			isa = XCConfigurationList;
			buildConfigurations = (
				7D1AA2D62C71581F009DA250 /* Debug */,
				7D1AA2D72C71581F009DA250 /* Release */,
			);
			defaultConfigurationIsVisible = 0;
			defaultConfigurationName = Release;
		};
		7D1AA2D82C71581F009DA250 /* Build configuration list for PBXNativeTarget "Crypto" */ = {
			isa = XCConfigurationList;
			buildConfigurations = (
				7D1AA2D92C71581F009DA250 /* Debug */,
				7D1AA2DA2C71581F009DA250 /* Release */,
			);
			defaultConfigurationIsVisible = 0;
			defaultConfigurationName = Release;
		};
/* End XCConfigurationList section */

/* Begin XCRemoteSwiftPackageReference section */
		7D8FF2F32C71C30900DD621F /* XCRemoteSwiftPackageReference "realm-swift" */ = {
			isa = XCRemoteSwiftPackageReference;
			repositoryURL = "https://github.com/realm/realm-swift.git";
			requirement = {
				kind = upToNextMajorVersion;
				minimumVersion = 10.52.3;
			};
		};
/* End XCRemoteSwiftPackageReference section */

/* Begin XCSwiftPackageProductDependency section */
		7D8CBB832C73368A002B5732 /* RealmSwift */ = {
			isa = XCSwiftPackageProductDependency;
			package = 7D8FF2F32C71C30900DD621F /* XCRemoteSwiftPackageReference "realm-swift" */;
			productName = RealmSwift;
		};
		7D8CBB852C733BA7002B5732 /* RealmSwift */ = {
			isa = XCSwiftPackageProductDependency;
			package = 7D8FF2F32C71C30900DD621F /* XCRemoteSwiftPackageReference "realm-swift" */;
			productName = RealmSwift;
		};
		7D8CBB872C733C18002B5732 /* RealmSwift */ = {
			isa = XCSwiftPackageProductDependency;
			package = 7D8FF2F32C71C30900DD621F /* XCRemoteSwiftPackageReference "realm-swift" */;
			productName = RealmSwift;
		};
		7D8FF2F42C71C30900DD621F /* RealmSwift */ = {
			isa = XCSwiftPackageProductDependency;
			package = 7D8FF2F32C71C30900DD621F /* XCRemoteSwiftPackageReference "realm-swift" */;
			productName = RealmSwift;
		};
/* End XCSwiftPackageProductDependency section */
	};
	rootObject = 7D1AA2C22C71581A009DA250 /* Project object */;
}
